
Microsoft Visual Studio Solution File, Format Version 12.00
Project("{F2A71F9B-5D33-465A-A702-920D77279786}") = "Exam2020", "Exam2020\Exam2020.fsproj", "{C3CC64BF-39D6-4BFC-BC57-7D8F1F806FF4}"
EndProject
Global
	GlobalSection(SolutionConfigurationPlatforms) = preSolution
		Debug|Any CPU = Debug|Any CPU
		Release|Any CPU = Release|Any CPU
	EndGlobalSection
	GlobalSection(ProjectConfigurationPlatforms) = postSolution
		{C3CC64BF-39D6-4BFC-BC57-7D8F1F806FF4}.Debug|Any CPU.ActiveCfg = Debug|Any CPU
		{C3CC64BF-39D6-4BFC-BC57-7D8F1F806FF4}.Debug|Any CPU.Build.0 = Debug|Any CPU
		{C3CC64BF-39D6-4BFC-BC57-7D8F1F806FF4}.Release|Any CPU.ActiveCfg = Release|Any CPU
		{C3CC64BF-39D6-4BFC-BC57-7D8F1F806FF4}.Release|Any CPU.Build.0 = Release|Any CPU
	EndGlobalSection
EndGlobal
